Microsoft Visual Studio Solution File, Format Version 12.00
# Visual Studio Version 17
VisualStudioVersion = 17.5.2.0
MinimumVisualStudioVersion = 10.0.40219.1
Project("{2150E333-8FDC-42A3-9474-1A3956D46DE8}") = "backendDotNet", "backendDotNet", "{D12684E8-9809-34F7-C4F0-C6A5B018A8BA}"
EndProject
Project("{FAE04EC0-301F-11D3-BF4B-00C04F79EFBC}") = "EmployeeApi", "backendDotNet\EmployeeApi\EmployeeApi.csproj", "{3A3E8508-687F-13E7-3023-EED8A360F469}"
EndProject
Global
	GlobalSection(SolutionConfigurationPlatforms) = preSolution
		Debug|Any CPU = Debug|Any CPU
		Release|Any CPU = Release|Any CPU
	EndGlobalSection
	GlobalSection(ProjectConfigurationPlatforms) = postSolution
		{3A3E8508-687F-13E7-3023-EED8A360F469}.Debug|Any CPU.ActiveCfg = Debug|Any CPU
		{3A3E8508-687F-13E7-3023-EED8A360F469}.Debug|Any CPU.Build.0 = Debug|Any CPU
		{3A3E8508-687F-13E7-3023-EED8A360F469}.Release|Any CPU.ActiveCfg = Release|Any CPU
		{3A3E8508-687F-13E7-3023-EED8A360F469}.Release|Any CPU.Build.0 = Release|Any CPU
	EndGlobalSection
	GlobalSection(SolutionProperties) = preSolution
		HideSolutionNode = FALSE
	EndGlobalSection
	GlobalSection(NestedProjects) = preSolution
		{3A3E8508-687F-13E7-3023-EED8A360F469} = {D12684E8-9809-34F7-C4F0-C6A5B018A8BA}
	EndGlobalSection
	GlobalSection(ExtensibilityGlobals) = postSolution
		SolutionGuid = {B5545E54-56C5-4563-B452-D37B74F290D6}
	EndGlobalSection
EndGlobal
